dependencies:
- name: schema-registry
  repository: ""
  version: 0.1.0
- name: resource-management
  repository: ""
  version: 0.1.0
- name: asset-management
  repository: ""
  version: 0.1.0
- name: user-management
  repository: ""
  version: 0.1.0
- name: review-management
  repository: ""
  version: 0.1.0
- name: service-management
  repository: ""
  version: 0.1.0
- name: history-assistant
  repository: ""
  version: 0.1.0
- name: event-emitter
  repository: ""
  version: 0.1.0
- name: urban-pulse-adapter
  repository: ""
  version: 0.1.0
- name: elasticsearch-connector
  repository: ""
  version: 0.1.0
- name: search-assistant
  repository: ""
  version: 0.1.0
- name: analytics-assistant
  repository: ""
  version: 0.1.0
- name: profiling-assistant
  repository: ""
  version: 0.1.0
- name: mongodb
  repository: https://charts.bitnami.com/bitnami
  version: 10.30.6
- name: kafka
  repository: https://charts.bitnami.com/bitnami
  version: 14.5.0
- name: minio
  repository: https://charts.bitnami.com/bitnami
  version: 9.2.5
- name: elasticsearch
  repository: https://charts.bitnami.com/bitnami
  version: 17.5.2
- name: keycloak
  repository: https://charts.bitnami.com/bitnami
  version: 6.0.0
- name: kong
  repository: https://charts.konghq.com
  version: 2.6.3
digest: sha256:f566a5aa1f33e5035124db19e8c027c4768c2f0c671d6e76fbf7ba86cea62460
generated: "2022-01-19T16:58:20.94857393+01:00"
