dependencies:
- name: schema-registry
  repository: ""
  version: 0.1.0
- name: resource-management
  repository: ""
  version: 0.1.0
- name: asset-management
  repository: ""
  version: 0.1.0
- name: user-management
  repository: ""
  version: 0.1.0
- name: review-management
  repository: ""
  version: 0.1.0
- name: service-management
  repository: ""
  version: 0.1.0
- name: history-assistant
  repository: ""
  version: 0.1.0
- name: event-emitter
  repository: ""
  version: 0.1.0
- name: urban-pulse-adapter
  repository: ""
  version: 0.1.0
- name: elasticsearch-connector
  repository: ""
  version: 0.1.0
- name: search-assistant
  repository: ""
  version: 0.1.0
- name: analytics-assistant
  repository: ""
  version: 0.1.0
- name: mongodb
  repository: https://charts.bitnami.com/bitnami
  version: 10.30.6
- name: kafka
  repository: https://charts.bitnami.com/bitnami
  version: 14.5.0
- name: keycloak
  repository: https://charts.bitnami.com/bitnami
  version: 6.0.0
- name: kong
  repository: https://charts.konghq.com
  version: 2.6.3
digest: sha256:8ca00ccc2fcf96946a6e3f4e81004f1ec077c45d03b96b4db7360db228c40d69
generated: "2022-01-07T09:27:16.915633504+01:00"
