dependencies:
- name: schema-registry
  repository: ""
  version: 0.1.0
- name: resource-management
  repository: ""
  version: 0.1.0
- name: asset-management
  repository: ""
  version: 0.1.0
- name: user-management
  repository: ""
  version: 0.1.0
- name: review-management
  repository: ""
  version: 0.1.0
- name: service-management
  repository: ""
  version: 0.1.0
- name: history-assistant
  repository: ""
  version: 0.1.0
- name: event-emitter
  repository: ""
  version: 0.1.0
- name: urban-pulse-adapter
  repository: ""
  version: 0.1.0
- name: elasticsearch-connector
  repository: ""
  version: 0.1.0
- name: search-assistant
  repository: ""
  version: 0.1.0
- name: analytics-assistant
  repository: ""
  version: 0.1.0
- name: mongodb
  repository: https://charts.bitnami.com/bitnami
  version: 10.30.6
- name: kafka
  repository: https://charts.bitnami.com/bitnami
  version: 14.5.0
- name: minio
  repository: https://charts.bitnami.com/bitnami
  version: 9.2.5
- name: elasticsearch
  repository: https://charts.bitnami.com/bitnami
  version: 17.5.2
- name: keycloak
  repository: https://charts.bitnami.com/bitnami
  version: 6.0.0
digest: sha256:cdb0c1ef6095949d8df9c31cfc158f95c3d2180297f00a1ff5d2befc587285d4
generated: "2022-01-03T13:16:03.187025847+01:00"
